// !$*UTF8*$!
{
	archiveVersion = 1;
	classes = {
	};
	objectVersion = 46;
	objects = {

/* Begin PBXBuildFile section */
		C708B8EE1D990C81006B1C8A /* MFService.swift in Sources */ = {isa = PBXBuildFile; fileRef = C708B8ED1D990C81006B1C8A /* MFService.swift */; };
		C708B8F11D99175A006B1C8A /* OAuthSwift.framework in Frameworks */ = {isa = PBXBuildFile; fileRef = C708B8E01D990C57006B1C8A /* OAuthSwift.framework */; };
		C708B8F21D99175A006B1C8A /* OAuthSwift.framework in Embed Frameworks */ = {isa = PBXBuildFile; fileRef = C708B8E01D990C57006B1C8A /* OAuthSwift.framework */; settings = {ATTRIBUTES = (CodeSignOnCopy, RemoveHeadersOnCopy, ); }; };
		C708B8F81D991AEE006B1C8A /* SwiftyJSON.swift in Sources */ = {isa = PBXBuildFile; fileRef = C708B8F71D991AEE006B1C8A /* SwiftyJSON.swift */; };
		C708B90E1D993A05006B1C8A /* FanfouConsumer.swift in Sources */ = {isa = PBXBuildFile; fileRef = C708B90D1D993A05006B1C8A /* FanfouConsumer.swift */; };
		C7700A4C1D81BBEE00908DB2 /* AppDelegate.swift in Sources */ = {isa = PBXBuildFile; fileRef = C7700A4B1D81BBEE00908DB2 /* AppDelegate.swift */; };
		C7700A4E1D81BBEE00908DB2 /* ViewController.swift in Sources */ = {isa = PBXBuildFile; fileRef = C7700A4D1D81BBEE00908DB2 /* ViewController.swift */; };
		C7700A511D81BBEE00908DB2 /* Main.storyboard in Resources */ = {isa = PBXBuildFile; fileRef = C7700A4F1D81BBEE00908DB2 /* Main.storyboard */; };
		C7700A541D81BBEE00908DB2 /* Maofan.xcdatamodeld in Sources */ = {isa = PBXBuildFile; fileRef = C7700A521D81BBEE00908DB2 /* Maofan.xcdatamodeld */; };
		C7700A561D81BBEE00908DB2 /* Assets.xcassets in Resources */ = {isa = PBXBuildFile; fileRef = C7700A551D81BBEE00908DB2 /* Assets.xcassets */; };
		C7700A591D81BBEE00908DB2 /* LaunchScreen.storyboard in Resources */ = {isa = PBXBuildFile; fileRef = C7700A571D81BBEE00908DB2 /* LaunchScreen.storyboard */; };
		C78E0C6D1D99507100C3AB55 /* FanfouConsumer.swift.example in Sources */ = {isa = PBXBuildFile; fileRef = C78E0C6C1D99507100C3AB55 /* FanfouConsumer.swift.example */; };
/* End PBXBuildFile section */

/* Begin PBXContainerItemProxy section */
		C708B8DF1D990C57006B1C8A /* PBXContainerItemProxy */ = {
			isa = PBXContainerItemProxy;
			containerPortal = C708B8D51D990C56006B1C8A /* OAuthSwift.xcodeproj */;
			proxyType = 2;
			remoteGlobalIDString = F435027A1A6791B200038A29;
			remoteInfo = OAuthSwift;
		};
		C708B8E11D990C57006B1C8A /* PBXContainerItemProxy */ = {
			isa = PBXContainerItemProxy;
			containerPortal = C708B8D51D990C56006B1C8A /* OAuthSwift.xcodeproj */;
			proxyType = 2;
			remoteGlobalIDString = F451E3C5195B8CD80051434C;
			remoteInfo = OAuthSwiftDemo;
		};
		C708B8E31D990C57006B1C8A /* PBXContainerItemProxy */ = {
			isa = PBXContainerItemProxy;
			containerPortal = C708B8D51D990C56006B1C8A /* OAuthSwift.xcodeproj */;
			proxyType = 2;
			remoteGlobalIDString = C48B28021AFA598D00C7DEF6;
			remoteInfo = OAuthSwiftOSX;
		};
		C708B8E51D990C57006B1C8A /* PBXContainerItemProxy */ = {
			isa = PBXContainerItemProxy;
			containerPortal = C708B8D51D990C56006B1C8A /* OAuthSwift.xcodeproj */;
			proxyType = 2;
			remoteGlobalIDString = C49FD5241AFB5DF500791E1A;
			remoteInfo = OAuthSwiftOSXDemo;
		};
		C708B8E71D990C57006B1C8A /* PBXContainerItemProxy */ = {
			isa = PBXContainerItemProxy;
			containerPortal = C708B8D51D990C56006B1C8A /* OAuthSwift.xcodeproj */;
			proxyType = 2;
			remoteGlobalIDString = C4B6EE1E1BF74CE300443596;
			remoteInfo = OAuthSwiftTVOS;
		};
		C708B8E91D990C57006B1C8A /* PBXContainerItemProxy */ = {
			isa = PBXContainerItemProxy;
			containerPortal = C708B8D51D990C56006B1C8A /* OAuthSwift.xcodeproj */;
			proxyType = 2;
			remoteGlobalIDString = C40890C01C11B37000E3146A;
			remoteInfo = OAuthSwiftWatchOS;
		};
		C708B8EB1D990C57006B1C8A /* PBXContainerItemProxy */ = {
			isa = PBXContainerItemProxy;
			containerPortal = C708B8D51D990C56006B1C8A /* OAuthSwift.xcodeproj */;
			proxyType = 2;
			remoteGlobalIDString = C4D50DF71BFB693F0053B624;
			remoteInfo = OAuthSwiftTests;
		};
		C708B8EF1D990CA0006B1C8A /* PBXContainerItemProxy */ = {
			isa = PBXContainerItemProxy;
			containerPortal = C708B8D51D990C56006B1C8A /* OAuthSwift.xcodeproj */;
			proxyType = 1;
			remoteGlobalIDString = F43502791A6791B200038A29;
			remoteInfo = OAuthSwift;
		};
		C708B8F31D99175A006B1C8A /* PBXContainerItemProxy */ = {
			isa = PBXContainerItemProxy;
			containerPortal = C708B8D51D990C56006B1C8A /* OAuthSwift.xcodeproj */;
			proxyType = 1;
			remoteGlobalIDString = F43502791A6791B200038A29;
			remoteInfo = OAuthSwift;
		};
/* End PBXContainerItemProxy section */

/* Begin PBXCopyFilesBuildPhase section */
		C708B8F51D99175A006B1C8A /* Embed Frameworks */ = {
			isa = PBXCopyFilesBuildPhase;
			buildActionMask = 2147483647;
			dstPath = "";
			dstSubfolderSpec = 10;
			files = (
				C708B8F21D99175A006B1C8A /* OAuthSwift.framework in Embed Frameworks */,
			);
			name = "Embed Frameworks";
			runOnlyForDeploymentPostprocessing = 0;
		};
/* End PBXCopyFilesBuildPhase section */

/* Begin PBXFileReference section */
		C708B8D51D990C56006B1C8A /* OAuthSwift.xcodeproj */ = {isa = PBXFileReference; lastKnownFileType = "wrapper.pb-project"; name = OAuthSwift.xcodeproj; path = "OAuthSwift-master/OAuthSwift.xcodeproj"; sourceTree = "<group>"; };
		C708B8ED1D990C81006B1C8A /* MFService.swift */ = {isa = PBXFileReference; fileEncoding = 4; lastKnownFileType = sourcecode.swift; path = MFService.swift; sourceTree = "<group>"; };
		C708B8F71D991AEE006B1C8A /* SwiftyJSON.swift */ = {isa = PBXFileReference; fileEncoding = 4; lastKnownFileType = sourcecode.swift; path = SwiftyJSON.swift; sourceTree = "<group>"; };
		C708B90D1D993A05006B1C8A /* FanfouConsumer.swift */ = {isa = PBXFileReference; fileEncoding = 4; lastKnownFileType = sourcecode.swift; path = FanfouConsumer.swift; sourceTree = "<group>"; };
		C7700A481D81BBEE00908DB2 /* Maofan.app */ = {isa = PBXFileReference; explicitFileType = wrapper.application; includeInIndex = 0; path = Maofan.app; sourceTree = BUILT_PRODUCTS_DIR; };
		C7700A4B1D81BBEE00908DB2 /* AppDelegate.swift */ = {isa = PBXFileReference; lastKnownFileType = sourcecode.swift; path = AppDelegate.swift; sourceTree = "<group>"; };
		C7700A4D1D81BBEE00908DB2 /* ViewController.swift */ = {isa = PBXFileReference; lastKnownFileType = sourcecode.swift; path = ViewController.swift; sourceTree = "<group>"; };
		C7700A501D81BBEE00908DB2 /* Base */ = {isa = PBXFileReference; lastKnownFileType = file.storyboard; name = Base; path = Base.lproj/Main.storyboard; sourceTree = "<group>"; };
		C7700A531D81BBEE00908DB2 /* Maofan.xcdatamodel */ = {isa = PBXFileReference; lastKnownFileType = wrapper.xcdatamodel; path = Maofan.xcdatamodel; sourceTree = "<group>"; };
		C7700A551D81BBEE00908DB2 /* Assets.xcassets */ = {isa = PBXFileReference; lastKnownFileType = folder.assetcatalog; path = Assets.xcassets; sourceTree = "<group>"; };
		C7700A581D81BBEE00908DB2 /* Base */ = {isa = PBXFileReference; lastKnownFileType = file.storyboard; name = Base; path = Base.lproj/LaunchScreen.storyboard; sourceTree = "<group>"; };
		C7700A5A1D81BBEE00908DB2 /* Info.plist */ = {isa = PBXFileReference; lastKnownFileType = text.plist.xml; path = Info.plist; sourceTree = "<group>"; };
		C78E0C6C1D99507100C3AB55 /* FanfouConsumer.swift.example */ = {isa = PBXFileReference; fileEncoding = 4; lastKnownFileType = text; path = FanfouConsumer.swift.example; sourceTree = "<group>"; };
/* End PBXFileReference section */

/* Begin PBXFrameworksBuildPhase section */
		C7700A451D81BBEE00908DB2 /* Frameworks */ = {
			isa = PBXFrameworksBuildPhase;
			buildActionMask = 2147483647;
			files = (
				C708B8F11D99175A006B1C8A /* OAuthSwift.framework in Frameworks */,
			);
			runOnlyForDeploymentPostprocessing = 0;
		};
/* End PBXFrameworksBuildPhase section */

/* Begin PBXGroup section */
		C708B8D61D990C56006B1C8A /* Products */ = {
			isa = PBXGroup;
			children = (
				C708B8E01D990C57006B1C8A /* OAuthSwift.framework */,
				C708B8E21D990C57006B1C8A /* OAuthSwiftDemo.app */,
				C708B8E41D990C57006B1C8A /* OAuthSwift.framework */,
				C708B8E61D990C57006B1C8A /* OAuthSwiftOSXDemo.app */,
				C708B8E81D990C57006B1C8A /* OAuthSwift.framework */,
				C708B8EA1D990C57006B1C8A /* OAuthSwift.framework */,
				C708B8EC1D990C57006B1C8A /* OAuthSwiftTests.xctest */,
			);
			name = Products;
			sourceTree = "<group>";
		};
		C708B8F61D991ADB006B1C8A /* Library */ = {
			isa = PBXGroup;
			children = (
				C708B8F71D991AEE006B1C8A /* SwiftyJSON.swift */,
				C708B8D51D990C56006B1C8A /* OAuthSwift.xcodeproj */,
			);
			name = Library;
			sourceTree = "<group>";
		};
		C7700A3F1D81BBEE00908DB2 = {
			isa = PBXGroup;
			children = (
				C7700A4A1D81BBEE00908DB2 /* Maofan */,
				C7700A491D81BBEE00908DB2 /* Products */,
				C708B8F61D991ADB006B1C8A /* Library */,
			);
			sourceTree = "<group>";
		};
		C7700A491D81BBEE00908DB2 /* Products */ = {
			isa = PBXGroup;
			children = (
				C7700A481D81BBEE00908DB2 /* Maofan.app */,
			);
			name = Products;
			sourceTree = "<group>";
		};
		C7700A4A1D81BBEE00908DB2 /* Maofan */ = {
			isa = PBXGroup;
			children = (
				C7700A4B1D81BBEE00908DB2 /* AppDelegate.swift */,
				C708B8ED1D990C81006B1C8A /* MFService.swift */,
				C708B90D1D993A05006B1C8A /* FanfouConsumer.swift */,
				C78E0C6C1D99507100C3AB55 /* FanfouConsumer.swift.example */,
				C7700A4D1D81BBEE00908DB2 /* ViewController.swift */,
				C7700A4F1D81BBEE00908DB2 /* Main.storyboard */,
				C7700A551D81BBEE00908DB2 /* Assets.xcassets */,
				C7700A571D81BBEE00908DB2 /* LaunchScreen.storyboard */,
				C7700A5A1D81BBEE00908DB2 /* Info.plist */,
				C7700A521D81BBEE00908DB2 /* Maofan.xcdatamodeld */,
			);
			path = Maofan;
			sourceTree = "<group>";
		};
/* End PBXGroup section */

/* Begin PBXNativeTarget section */
		C7700A471D81BBEE00908DB2 /* Maofan */ = {
			isa = PBXNativeTarget;
			buildConfigurationList = C7700A5D1D81BBEE00908DB2 /* Build configuration list for PBXNativeTarget "Maofan" */;
			buildPhases = (
				C7700A441D81BBEE00908DB2 /* Sources */,
				C7700A451D81BBEE00908DB2 /* Frameworks */,
				C7700A461D81BBEE00908DB2 /* Resources */,
				C708B8F51D99175A006B1C8A /* Embed Frameworks */,
			);
			buildRules = (
			);
			dependencies = (
				C708B8F01D990CA0006B1C8A /* PBXTargetDependency */,
				C708B8F41D99175A006B1C8A /* PBXTargetDependency */,
			);
			name = Maofan;
			productName = Maofan;
			productReference = C7700A481D81BBEE00908DB2 /* Maofan.app */;
			productType = "com.apple.product-type.application";
		};
/* End PBXNativeTarget section */

/* Begin PBXProject section */
		C7700A401D81BBEE00908DB2 /* Project object */ = {
			isa = PBXProject;
			attributes = {
				LastSwiftUpdateCheck = 0800;
				LastUpgradeCheck = 0800;
				ORGANIZATIONNAME = "Catt Liu";
				TargetAttributes = {
					C7700A471D81BBEE00908DB2 = {
						CreatedOnToolsVersion = 8.0;
						DevelopmentTeam = LK4XTSG397;
						LastSwiftMigration = 0800;
						ProvisioningStyle = Automatic;
					};
				};
			};
			buildConfigurationList = C7700A431D81BBEE00908DB2 /* Build configuration list for PBXProject "Maofan" */;
			compatibilityVersion = "Xcode 3.2";
			developmentRegion = English;
			hasScannedForEncodings = 0;
			knownRegions = (
				en,
				Base,
			);
			mainGroup = C7700A3F1D81BBEE00908DB2;
			productRefGroup = C7700A491D81BBEE00908DB2 /* Products */;
			projectDirPath = "";
			projectReferences = (
				{
					ProductGroup = C708B8D61D990C56006B1C8A /* Products */;
					ProjectRef = C708B8D51D990C56006B1C8A /* OAuthSwift.xcodeproj */;
				},
			);
			projectRoot = "";
			targets = (
				C7700A471D81BBEE00908DB2 /* Maofan */,
			);
		};
/* End PBXProject section */

/* Begin PBXReferenceProxy section */
		C708B8E01D990C57006B1C8A /* OAuthSwift.framework */ = {
			isa = PBXReferenceProxy;
			fileType = wrapper.framework;
			path = OAuthSwift.framework;
			remoteRef = C708B8DF1D990C57006B1C8A /* PBXContainerItemProxy */;
			sourceTree = BUILT_PRODUCTS_DIR;
		};
		C708B8E21D990C57006B1C8A /* OAuthSwiftDemo.app */ = {
			isa = PBXReferenceProxy;
			fileType = wrapper.application;
			path = OAuthSwiftDemo.app;
			remoteRef = C708B8E11D990C57006B1C8A /* PBXContainerItemProxy */;
			sourceTree = BUILT_PRODUCTS_DIR;
		};
		C708B8E41D990C57006B1C8A /* OAuthSwift.framework */ = {
			isa = PBXReferenceProxy;
			fileType = wrapper.framework;
			path = OAuthSwift.framework;
			remoteRef = C708B8E31D990C57006B1C8A /* PBXContainerItemProxy */;
			sourceTree = BUILT_PRODUCTS_DIR;
		};
		C708B8E61D990C57006B1C8A /* OAuthSwiftOSXDemo.app */ = {
			isa = PBXReferenceProxy;
			fileType = wrapper.application;
			path = OAuthSwiftOSXDemo.app;
			remoteRef = C708B8E51D990C57006B1C8A /* PBXContainerItemProxy */;
			sourceTree = BUILT_PRODUCTS_DIR;
		};
		C708B8E81D990C57006B1C8A /* OAuthSwift.framework */ = {
			isa = PBXReferenceProxy;
			fileType = wrapper.framework;
			path = OAuthSwift.framework;
			remoteRef = C708B8E71D990C57006B1C8A /* PBXContainerItemProxy */;
			sourceTree = BUILT_PRODUCTS_DIR;
		};
		C708B8EA1D990C57006B1C8A /* OAuthSwift.framework */ = {
			isa = PBXReferenceProxy;
			fileType = wrapper.framework;
			path = OAuthSwift.framework;
			remoteRef = C708B8E91D990C57006B1C8A /* PBXContainerItemProxy */;
			sourceTree = BUILT_PRODUCTS_DIR;
		};
		C708B8EC1D990C57006B1C8A /* OAuthSwiftTests.xctest */ = {
			isa = PBXReferenceProxy;
			fileType = wrapper.cfbundle;
			path = OAuthSwiftTests.xctest;
			remoteRef = C708B8EB1D990C57006B1C8A /* PBXContainerItemProxy */;
			sourceTree = BUILT_PRODUCTS_DIR;
		};
/* End PBXReferenceProxy section */

/* Begin PBXResourcesBuildPhase section */
		C7700A461D81BBEE00908DB2 /* Resources */ = {
			isa = PBXResourcesBuildPhase;
			buildActionMask = 2147483647;
			files = (
				C7700A591D81BBEE00908DB2 /* LaunchScreen.storyboard in Resources */,
				C7700A561D81BBEE00908DB2 /* Assets.xcassets in Resources */,
				C7700A511D81BBEE00908DB2 /* Main.storyboard in Resources */,
			);
			runOnlyForDeploymentPostprocessing = 0;
		};
/* End PBXResourcesBuildPhase section */

/* Begin PBXSourcesBuildPhase section */
		C7700A441D81BBEE00908DB2 /* Sources */ = {
			isa = PBXSourcesBuildPhase;
			buildActionMask = 2147483647;
			files = (
				C708B90E1D993A05006B1C8A /* FanfouConsumer.swift in Sources */,
				C7700A4E1D81BBEE00908DB2 /* ViewController.swift in Sources */,
				C78E0C6D1D99507100C3AB55 /* FanfouConsumer.swift.example in Sources */,
				C7700A541D81BBEE00908DB2 /* Maofan.xcdatamodeld in Sources */,
				C708B8EE1D990C81006B1C8A /* MFService.swift in Sources */,
				C708B8F81D991AEE006B1C8A /* SwiftyJSON.swift in Sources */,
				C7700A4C1D81BBEE00908DB2 /* AppDelegate.swift in Sources */,
			);
			runOnlyForDeploymentPostprocessing = 0;
		};
/* End PBXSourcesBuildPhase section */

/* Begin PBXTargetDependency section */
		C708B8F01D990CA0006B1C8A /* PBXTargetDependency */ = {
			isa = PBXTargetDependency;
			name = OAuthSwift;
			targetProxy = C708B8EF1D990CA0006B1C8A /* PBXContainerItemProxy */;
		};
		C708B8F41D99175A006B1C8A /* PBXTargetDependency */ = {
			isa = PBXTargetDependency;
			name = OAuthSwift;
			targetProxy = C708B8F31D99175A006B1C8A /* PBXContainerItemProxy */;
		};
/* End PBXTargetDependency section */

/* Begin PBXVariantGroup section */
		C7700A4F1D81BBEE00908DB2 /* Main.storyboard */ = {
			isa = PBXVariantGroup;
			children = (
				C7700A501D81BBEE00908DB2 /* Base */,
			);
			name = Main.storyboard;
			sourceTree = "<group>";
		};
		C7700A571D81BBEE00908DB2 /* LaunchScreen.storyboard */ = {
			isa = PBXVariantGroup;
			children = (
				C7700A581D81BBEE00908DB2 /* Base */,
			);
			name = LaunchScreen.storyboard;
			sourceTree = "<group>";
		};
/* End PBXVariantGroup section */

/* Begin XCBuildConfiguration section */
		C7700A5B1D81BBEE00908DB2 /* Debug */ = {
			isa = XCBuildConfiguration;
			buildSettings = {
				ALWAYS_SEARCH_USER_PATHS = NO;
				CLANG_ANALYZER_NONNULL = YES;
				CLANG_CXX_LANGUAGE_STANDARD = "gnu++0x";
				CLANG_CXX_LIBRARY = "libc++";
				CLANG_ENABLE_MODULES = YES;
				CLANG_ENABLE_OBJC_ARC = YES;
				CLANG_WARN_BOOL_CONVERSION = YES;
				CLANG_WARN_CONSTANT_CONVERSION = YES;
				CLANG_WARN_DIRECT_OBJC_ISA_USAGE = YES_ERROR;
				CLANG_WARN_DOCUMENTATION_COMMENTS = YES;
				CLANG_WARN_EMPTY_BODY = YES;
				CLANG_WARN_ENUM_CONVERSION = YES;
				CLANG_WARN_INFINITE_RECURSION = YES;
				CLANG_WARN_INT_CONVERSION = YES;
				CLANG_WARN_OBJC_ROOT_CLASS = YES_ERROR;
				CLANG_WARN_SUSPICIOUS_MOVES = YES;
				CLANG_WARN_UNREACHABLE_CODE = YES;
				CLANG_WARN__DUPLICATE_METHOD_MATCH = YES;
				"CODE_SIGN_IDENTITY[sdk=iphoneos*]" = "iPhone Developer";
				COPY_PHASE_STRIP = NO;
				DEBUG_INFORMATION_FORMAT = dwarf;
				ENABLE_STRICT_OBJC_MSGSEND = YES;
				ENABLE_TESTABILITY = YES;
				GCC_C_LANGUAGE_STANDARD = gnu99;
				GCC_DYNAMIC_NO_PIC = NO;
				GCC_NO_COMMON_BLOCKS = YES;
				GCC_OPTIMIZATION_LEVEL = 0;
				GCC_PREPROCESSOR_DEFINITIONS = (
					"DEBUG=1",
					"$(inherited)",
				);
				GCC_WARN_64_TO_32_BIT_CONVERSION = YES;
				GCC_WARN_ABOUT_RETURN_TYPE = YES_ERROR;
				GCC_WARN_UNDECLARED_SELECTOR = YES;
				GCC_WARN_UNINITIALIZED_AUTOS = YES_AGGRESSIVE;
				GCC_WARN_UNUSED_FUNCTION = YES;
				GCC_WARN_UNUSED_VARIABLE = YES;
				IPHONEOS_DEPLOYMENT_TARGET = 10.0;
				MTL_ENABLE_DEBUG_INFO = YES;
				ONLY_ACTIVE_ARCH = YES;
				SDKROOT = iphoneos;
				SWIFT_ACTIVE_COMPILATION_CONDITIONS = DEBUG;
				SWIFT_OPTIMIZATION_LEVEL = "-Onone";
			};
			name = Debug;
		};
		C7700A5C1D81BBEE00908DB2 /* Release */ = {
			isa = XCBuildConfiguration;
			buildSettings = {
				ALWAYS_SEARCH_USER_PATHS = NO;
				CLANG_ANALYZER_NONNULL = YES;
				CLANG_CXX_LANGUAGE_STANDARD = "gnu++0x";
				CLANG_CXX_LIBRARY = "libc++";
				CLANG_ENABLE_MODULES = YES;
				CLANG_ENABLE_OBJC_ARC = YES;
				CLANG_WARN_BOOL_CONVERSION = YES;
				CLANG_WARN_CONSTANT_CONVERSION = YES;
				CLANG_WARN_DIRECT_OBJC_ISA_USAGE = YES_ERROR;
				CLANG_WARN_DOCUMENTATION_COMMENTS = YES;
				CLANG_WARN_EMPTY_BODY = YES;
				CLANG_WARN_ENUM_CONVERSION = YES;
				CLANG_WARN_INFINITE_RECURSION = YES;
				CLANG_WARN_INT_CONVERSION = YES;
				CLANG_WARN_OBJC_ROOT_CLASS = YES_ERROR;
				CLANG_WARN_SUSPICIOUS_MOVES = YES;
				CLANG_WARN_UNREACHABLE_CODE = YES;
				CLANG_WARN__DUPLICATE_METHOD_MATCH = YES;
				"CODE_SIGN_IDENTITY[sdk=iphoneos*]" = "iPhone Developer";
				COPY_PHASE_STRIP = NO;
				DEBUG_INFORMATION_FORMAT = "dwarf-with-dsym";
				ENABLE_NS_ASSERTIONS = NO;
				ENABLE_STRICT_OBJC_MSGSEND = YES;
				GCC_C_LANGUAGE_STANDARD = gnu99;
				GCC_NO_COMMON_BLOCKS = YES;
				GCC_WARN_64_TO_32_BIT_CONVERSION = YES;
				GCC_WARN_ABOUT_RETURN_TYPE = YES_ERROR;
				GCC_WARN_UNDECLARED_SELECTOR = YES;
				GCC_WARN_UNINITIALIZED_AUTOS = YES_AGGRESSIVE;
				GCC_WARN_UNUSED_FUNCTION = YES;
				GCC_WARN_UNUSED_VARIABLE = YES;
				IPHONEOS_DEPLOYMENT_TARGET = 10.0;
				MTL_ENABLE_DEBUG_INFO = NO;
				SDKROOT = iphoneos;
				SWIFT_OPTIMIZATION_LEVEL = "-Owholemodule";
				VALIDATE_PRODUCT = YES;
			};
			name = Release;
		};
		C7700A5E1D81BBEE00908DB2 /* Debug */ = {
			isa = XCBuildConfiguration;
			buildSettings = {
				ALWAYS_EMBED_SWIFT_STANDARD_LIBRARIES = YES;
				ASSETCATALOG_COMPILER_APPICON_NAME = AppIcon;
				DEVELOPMENT_TEAM = LK4XTSG397;
				INFOPLIST_FILE = Maofan/Info.plist;
				LD_RUNPATH_SEARCH_PATHS = "$(inherited) @executable_path/Frameworks";
				PRODUCT_BUNDLE_IDENTIFIER = com.maochang.maofan;
				PRODUCT_NAME = "$(TARGET_NAME)";
				SWIFT_VERSION = 3.0;
			};
			name = Debug;
		};
		C7700A5F1D81BBEE00908DB2 /* Release */ = {
			isa = XCBuildConfiguration;
			buildSettings = {
				ALWAYS_EMBED_SWIFT_STANDARD_LIBRARIES = YES;
				ASSETCATALOG_COMPILER_APPICON_NAME = AppIcon;
				DEVELOPMENT_TEAM = LK4XTSG397;
				INFOPLIST_FILE = Maofan/Info.plist;
				LD_RUNPATH_SEARCH_PATHS = "$(inherited) @executable_path/Frameworks";
				PRODUCT_BUNDLE_IDENTIFIER = com.maochang.maofan;
				PRODUCT_NAME = "$(TARGET_NAME)";
				SWIFT_VERSION = 3.0;
			};
			name = Release;
		};
/* End XCBuildConfiguration section */

/* Begin XCConfigurationList section */
		C7700A431D81BBEE00908DB2 /* Build configuration list for PBXProject "Maofan" */ = {
			isa = XCConfigurationList;
			buildConfigurations = (
				C7700A5B1D81BBEE00908DB2 /* Debug */,
				C7700A5C1D81BBEE00908DB2 /* Release */,
			);
			defaultConfigurationIsVisible = 0;
			defaultConfigurationName = Release;
		};
		C7700A5D1D81BBEE00908DB2 /* Build configuration list for PBXNativeTarget "Maofan" */ = {
			isa = XCConfigurationList;
			buildConfigurations = (
				C7700A5E1D81BBEE00908DB2 /* Debug */,
				C7700A5F1D81BBEE00908DB2 /* Release */,
			);
			defaultConfigurationIsVisible = 0;
			defaultConfigurationName = Release;
		};
/* End XCConfigurationList section */

/* Begin XCVersionGroup section */
		C7700A521D81BBEE00908DB2 /* Maofan.xcdatamodeld */ = {
			isa = XCVersionGroup;
			children = (
				C7700A531D81BBEE00908DB2 /* Maofan.xcdatamodel */,
			);
			currentVersion = C7700A531D81BBEE00908DB2 /* Maofan.xcdatamodel */;
			path = Maofan.xcdatamodeld;
			sourceTree = "<group>";
			versionGroupType = wrapper.xcdatamodel;
		};
/* End XCVersionGroup section */
	};
	rootObject = C7700A401D81BBEE00908DB2 /* Project object */;
}
